# This file is generated by running "yarn install" inside your project.
# Manual changes might be lost - proceed with caution!

__metadata:
  version: 4

"@hiking-buddies-webapp/back@workspace:back":
  version: 0.0.0-use.local
  resolution: "@hiking-buddies-webapp/back@workspace:back"
  languageName: unknown
  linkType: soft

"@hiking-buddies-webapp/common@workspace:common":
  version: 0.0.0-use.local
  resolution: "@hiking-buddies-webapp/common@workspace:common"
  languageName: unknown
  linkType: soft

"@hiking-buddies-webapp/front@workspace:front":
  version: 0.0.0-use.local
  resolution: "@hiking-buddies-webapp/front@workspace:front"
  languageName: unknown
  linkType: soft

"@hiking-buddies-webapp/root@workspace:.":
  version: 0.0.0-use.local
  resolution: "@hiking-buddies-webapp/root@workspace:."
  languageName: unknown
  linkType: soft
